
Microsoft Visual Studio Solution File, Format Version 12.00
# Visual Studio Version 16
VisualStudioVersion = 16.0.30804.86
MinimumVisualStudioVersion = 10.0.40219.1
Project("{FAE04EC0-301F-11D3-BF4B-00C04F79EFBC}") = "Erx.Api", "src\Erx.Api\Erx.Api.csproj", "{77172BA0-5B8C-4694-B186-6BCC4968C00A}"
EndProject
Project("{FAE04EC0-301F-11D3-BF4B-00C04F79EFBC}") = "Erx.Consumer", "src\Erx.Consumer\Erx.Consumer.csproj", "{43FFE701-A94C-45D4-AFD5-BF564D9F79B3}"
EndProject
Project("{FAE04EC0-301F-11D3-BF4B-00C04F79EFBC}") = "Erx.Queue", "src\Erx.Queue\Erx.Queue.csproj", "{976BB670-AC36-4871-B899-D7BCC0F04EE3}"
EndProject
Project("{FAE04EC0-301F-11D3-BF4B-00C04F79EFBC}") = "Erx.Seeder", "src\Erx.Seeder\Erx.Seeder.csproj", "{71242B69-7625-4FD9-96CA-0011FC5C291A}"
EndProject
Project("{FAE04EC0-301F-11D3-BF4B-00C04F79EFBC}") = "Erx.Database", "src\Erx.Database\Erx.Database.csproj", "{1E165640-7D7C-42D9-8FEF-50CD64D1321E}"
EndProject
Global
	GlobalSection(SolutionConfigurationPlatforms) = preSolution
		Debug|Any CPU = Debug|Any CPU
		Release|Any CPU = Release|Any CPU
	EndGlobalSection
	GlobalSection(ProjectConfigurationPlatforms) = postSolution
		{77172BA0-5B8C-4694-B186-6BCC4968C00A}.Debug|Any CPU.ActiveCfg = Debug|Any CPU
		{77172BA0-5B8C-4694-B186-6BCC4968C00A}.Debug|Any CPU.Build.0 = Debug|Any CPU
		{77172BA0-5B8C-4694-B186-6BCC4968C00A}.Release|Any CPU.ActiveCfg = Release|Any CPU
		{77172BA0-5B8C-4694-B186-6BCC4968C00A}.Release|Any CPU.Build.0 = Release|Any CPU
		{43FFE701-A94C-45D4-AFD5-BF564D9F79B3}.Debug|Any CPU.ActiveCfg = Debug|Any CPU
		{43FFE701-A94C-45D4-AFD5-BF564D9F79B3}.Debug|Any CPU.Build.0 = Debug|Any CPU
		{43FFE701-A94C-45D4-AFD5-BF564D9F79B3}.Release|Any CPU.ActiveCfg = Release|Any CPU
		{43FFE701-A94C-45D4-AFD5-BF564D9F79B3}.Release|Any CPU.Build.0 = Release|Any CPU
		{976BB670-AC36-4871-B899-D7BCC0F04EE3}.Debug|Any CPU.ActiveCfg = Debug|Any CPU
		{976BB670-AC36-4871-B899-D7BCC0F04EE3}.Debug|Any CPU.Build.0 = Debug|Any CPU
		{976BB670-AC36-4871-B899-D7BCC0F04EE3}.Release|Any CPU.ActiveCfg = Release|Any CPU
		{976BB670-AC36-4871-B899-D7BCC0F04EE3}.Release|Any CPU.Build.0 = Release|Any CPU
		{71242B69-7625-4FD9-96CA-0011FC5C291A}.Debug|Any CPU.ActiveCfg = Debug|Any CPU
		{71242B69-7625-4FD9-96CA-0011FC5C291A}.Debug|Any CPU.Build.0 = Debug|Any CPU
		{71242B69-7625-4FD9-96CA-0011FC5C291A}.Release|Any CPU.ActiveCfg = Release|Any CPU
		{71242B69-7625-4FD9-96CA-0011FC5C291A}.Release|Any CPU.Build.0 = Release|Any CPU
		{1E165640-7D7C-42D9-8FEF-50CD64D1321E}.Debug|Any CPU.ActiveCfg = Debug|Any CPU
		{1E165640-7D7C-42D9-8FEF-50CD64D1321E}.Debug|Any CPU.Build.0 = Debug|Any CPU
		{1E165640-7D7C-42D9-8FEF-50CD64D1321E}.Release|Any CPU.ActiveCfg = Release|Any CPU
		{1E165640-7D7C-42D9-8FEF-50CD64D1321E}.Release|Any CPU.Build.0 = Release|Any CPU
	EndGlobalSection
	GlobalSection(SolutionProperties) = preSolution
		HideSolutionNode = FALSE
	EndGlobalSection
	GlobalSection(ExtensibilityGlobals) = postSolution
		SolutionGuid = {1F94DB50-8A73-4E09-B8B0-C4759CB3141A}
	EndGlobalSection
EndGlobal
